
Microsoft Visual Studio Solution File, Format Version 12.00
# Visual Studio Version 17
VisualStudioVersion = 17.7.34031.279
MinimumVisualStudioVersion = 10.0.40219.1
Project("{FAE04EC0-301F-11D3-BF4B-00C04F79EFBC}") = "Kaizen_Kod_Uretme", "Kaizen_Kod_Uretme\Kaizen_Kod_Uretme.csproj", "{9E789256-45BD-4400-90A5-50F51BCCBBC8}"
EndProject
Global
	GlobalSection(SolutionConfigurationPlatforms) = preSolution
		Debug|Any CPU = Debug|Any CPU
		Release|Any CPU = Release|Any CPU
	EndGlobalSection
	GlobalSection(ProjectConfigurationPlatforms) = postSolution
		{9E789256-45BD-4400-90A5-50F51BCCBBC8}.Debug|Any CPU.ActiveCfg = Debug|Any CPU
		{9E789256-45BD-4400-90A5-50F51BCCBBC8}.Debug|Any CPU.Build.0 = Debug|Any CPU
		{9E789256-45BD-4400-90A5-50F51BCCBBC8}.Release|Any CPU.ActiveCfg = Release|Any CPU
		{9E789256-45BD-4400-90A5-50F51BCCBBC8}.Release|Any CPU.Build.0 = Release|Any CPU
	EndGlobalSection
	GlobalSection(SolutionProperties) = preSolution
		HideSolutionNode = FALSE
	EndGlobalSection
	GlobalSection(ExtensibilityGlobals) = postSolution
		SolutionGuid = {E096605A-09C3-4FF6-934D-816A27A4DDFC}
	EndGlobalSection
EndGlobal
